
Microsoft Visual Studio Solution File, Format Version 10.00
# Visual Studio 2008
Project("{FAE04EC0-301F-11D3-BF4B-00C04F79EFBC}") = "LoanCo", "LoanCo\LoanCo.csproj", "{3F52D888-5D07-4B6D-8BE1-315499DF3307}"
EndProject
Project("{FAE04EC0-301F-11D3-BF4B-00C04F79EFBC}") = "Signing2008", "Signing2008\Signing2008.csproj", "{9112D6BD-373C-4077-91F5-78103FBFCCD2}"
EndProject
Global
	GlobalSection(SolutionConfigurationPlatforms) = preSolution
		Debug|.NET = Debug|.NET
		Debug|Any CPU = Debug|Any CPU
		Debug|Mixed Platforms = Debug|Mixed Platforms
		Release|.NET = Release|.NET
		Release|Any CPU = Release|Any CPU
		Release|Mixed Platforms = Release|Mixed Platforms
	EndGlobalSection
	GlobalSection(ProjectConfigurationPlatforms) = postSolution
		{3F52D888-5D07-4B6D-8BE1-315499DF3307}.Debug|.NET.ActiveCfg = Debug|Any CPU
		{3F52D888-5D07-4B6D-8BE1-315499DF3307}.Debug|Any CPU.ActiveCfg = Debug|Any CPU
		{3F52D888-5D07-4B6D-8BE1-315499DF3307}.Debug|Any CPU.Build.0 = Debug|Any CPU
		{3F52D888-5D07-4B6D-8BE1-315499DF3307}.Debug|Mixed Platforms.ActiveCfg = Debug|Any CPU
		{3F52D888-5D07-4B6D-8BE1-315499DF3307}.Debug|Mixed Platforms.Build.0 = Debug|Any CPU
		{3F52D888-5D07-4B6D-8BE1-315499DF3307}.Release|.NET.ActiveCfg = Release|Any CPU
		{3F52D888-5D07-4B6D-8BE1-315499DF3307}.Release|Any CPU.ActiveCfg = Release|Any CPU
		{3F52D888-5D07-4B6D-8BE1-315499DF3307}.Release|Any CPU.Build.0 = Release|Any CPU
		{3F52D888-5D07-4B6D-8BE1-315499DF3307}.Release|Mixed Platforms.ActiveCfg = Release|Any CPU
		{3F52D888-5D07-4B6D-8BE1-315499DF3307}.Release|Mixed Platforms.Build.0 = Release|Any CPU
		{9112D6BD-373C-4077-91F5-78103FBFCCD2}.Debug|.NET.ActiveCfg = Debug|Any CPU
		{9112D6BD-373C-4077-91F5-78103FBFCCD2}.Debug|Any CPU.ActiveCfg = Debug|Any CPU
		{9112D6BD-373C-4077-91F5-78103FBFCCD2}.Debug|Any CPU.Build.0 = Debug|Any CPU
		{9112D6BD-373C-4077-91F5-78103FBFCCD2}.Debug|Mixed Platforms.ActiveCfg = Debug|Any CPU
		{9112D6BD-373C-4077-91F5-78103FBFCCD2}.Debug|Mixed Platforms.Build.0 = Debug|Any CPU
		{9112D6BD-373C-4077-91F5-78103FBFCCD2}.Release|.NET.ActiveCfg = Release|Any CPU
		{9112D6BD-373C-4077-91F5-78103FBFCCD2}.Release|Any CPU.ActiveCfg = Release|Any CPU
		{9112D6BD-373C-4077-91F5-78103FBFCCD2}.Release|Any CPU.Build.0 = Release|Any CPU
		{9112D6BD-373C-4077-91F5-78103FBFCCD2}.Release|Mixed Platforms.ActiveCfg = Release|Any CPU
		{9112D6BD-373C-4077-91F5-78103FBFCCD2}.Release|Mixed Platforms.Build.0 = Release|Any CPU
	EndGlobalSection
	GlobalSection(SolutionProperties) = preSolution
		HideSolutionNode = FALSE
	EndGlobalSection
EndGlobal
